
Microsoft Visual Studio Solution File, Format Version 12.00
# Visual Studio Version 17
VisualStudioVersion = 17.10.35122.118
MinimumVisualStudioVersion = 10.0.40219.1
Project("{FAE04EC0-301F-11D3-BF4B-00C04F79EFBC}") = "ImageSearchSharp", "ImageSearchSharp.csproj", "{D1E155AB-79F6-4463-A86D-91712C8796FA}"
EndProject
Global
	GlobalSection(SolutionConfigurationPlatforms) = preSolution
		Debug|Any CPU = Debug|Any CPU
		Release|Any CPU = Release|Any CPU
	EndGlobalSection
	GlobalSection(ProjectConfigurationPlatforms) = postSolution
		{D1E155AB-79F6-4463-A86D-91712C8796FA}.Debug|Any CPU.ActiveCfg = Debug|Any CPU
		{D1E155AB-79F6-4463-A86D-91712C8796FA}.Debug|Any CPU.Build.0 = Debug|Any CPU
		{D1E155AB-79F6-4463-A86D-91712C8796FA}.Release|Any CPU.ActiveCfg = Release|Any CPU
		{D1E155AB-79F6-4463-A86D-91712C8796FA}.Release|Any CPU.Build.0 = Release|Any CPU
	EndGlobalSection
	GlobalSection(SolutionProperties) = preSolution
		HideSolutionNode = FALSE
	EndGlobalSection
	GlobalSection(ExtensibilityGlobals) = postSolution
		SolutionGuid = {19F550CA-4B63-47A8-9D4A-CF0531E2DEE2}
	EndGlobalSection
EndGlobal
